
Microsoft Visual Studio Solution File, Format Version 12.00
# Visual Studio Version 17
VisualStudioVersion = 17.0.31903.59
MinimumVisualStudioVersion = 10.0.40219.1
Project("{2150E333-8FDC-42A3-9474-1A3956D46DE8}") = "src", "src", "{827E0CD3-B72D-47B6-A68D-7590B98EB39B}"
EndProject
Project("{FAE04EC0-301F-11D3-BF4B-00C04F79EFBC}") = "Domain", "src\Domain\Domain.csproj", "{45695D6D-064F-4F9C-9209-15349D11CC9F}"
EndProject
Project("{FAE04EC0-301F-11D3-BF4B-00C04F79EFBC}") = "Application", "src\Application\Application.csproj", "{A9515DFD-3C9C-4CE6-97D6-68530C7CC9D0}"
EndProject
Project("{FAE04EC0-301F-11D3-BF4B-00C04F79EFBC}") = "Infrastructure", "src\Infrastructure\Infrastructure.csproj", "{518FE2B6-C40D-455D-B66E-769EC9CEBD5B}"
EndProject
Project("{FAE04EC0-301F-11D3-BF4B-00C04F79EFBC}") = "WebApi", "src\WebApi\WebApi.csproj", "{C5F06595-C45F-4C15-9A8A-DB72656B50A7}"
EndProject
Global
	GlobalSection(SolutionConfigurationPlatforms) = preSolution
		Debug|Any CPU = Debug|Any CPU
		Debug|x64 = Debug|x64
		Debug|x86 = Debug|x86
		Release|Any CPU = Release|Any CPU
		Release|x64 = Release|x64
		Release|x86 = Release|x86
	EndGlobalSection
	GlobalSection(ProjectConfigurationPlatforms) = postSolution
		{45695D6D-064F-4F9C-9209-15349D11CC9F}.Debug|Any CPU.ActiveCfg = Debug|Any CPU
		{45695D6D-064F-4F9C-9209-15349D11CC9F}.Debug|Any CPU.Build.0 = Debug|Any CPU
		{45695D6D-064F-4F9C-9209-15349D11CC9F}.Debug|x64.ActiveCfg = Debug|Any CPU
		{45695D6D-064F-4F9C-9209-15349D11CC9F}.Debug|x64.Build.0 = Debug|Any CPU
		{45695D6D-064F-4F9C-9209-15349D11CC9F}.Debug|x86.ActiveCfg = Debug|Any CPU
		{45695D6D-064F-4F9C-9209-15349D11CC9F}.Debug|x86.Build.0 = Debug|Any CPU
		{45695D6D-064F-4F9C-9209-15349D11CC9F}.Release|Any CPU.ActiveCfg = Release|Any CPU
		{45695D6D-064F-4F9C-9209-15349D11CC9F}.Release|Any CPU.Build.0 = Release|Any CPU
		{45695D6D-064F-4F9C-9209-15349D11CC9F}.Release|x64.ActiveCfg = Release|Any CPU
		{45695D6D-064F-4F9C-9209-15349D11CC9F}.Release|x64.Build.0 = Release|Any CPU
		{45695D6D-064F-4F9C-9209-15349D11CC9F}.Release|x86.ActiveCfg = Release|Any CPU
		{45695D6D-064F-4F9C-9209-15349D11CC9F}.Release|x86.Build.0 = Release|Any CPU
		{A9515DFD-3C9C-4CE6-97D6-68530C7CC9D0}.Debug|Any CPU.ActiveCfg = Debug|Any CPU
		{A9515DFD-3C9C-4CE6-97D6-68530C7CC9D0}.Debug|Any CPU.Build.0 = Debug|Any CPU
		{A9515DFD-3C9C-4CE6-97D6-68530C7CC9D0}.Debug|x64.ActiveCfg = Debug|Any CPU
		{A9515DFD-3C9C-4CE6-97D6-68530C7CC9D0}.Debug|x64.Build.0 = Debug|Any CPU
		{A9515DFD-3C9C-4CE6-97D6-68530C7CC9D0}.Debug|x86.ActiveCfg = Debug|Any CPU
		{A9515DFD-3C9C-4CE6-97D6-68530C7CC9D0}.Debug|x86.Build.0 = Debug|Any CPU
		{A9515DFD-3C9C-4CE6-97D6-68530C7CC9D0}.Release|Any CPU.ActiveCfg = Release|Any CPU
		{A9515DFD-3C9C-4CE6-97D6-68530C7CC9D0}.Release|Any CPU.Build.0 = Release|Any CPU
		{A9515DFD-3C9C-4CE6-97D6-68530C7CC9D0}.Release|x64.ActiveCfg = Release|Any CPU
		{A9515DFD-3C9C-4CE6-97D6-68530C7CC9D0}.Release|x64.Build.0 = Release|Any CPU
		{A9515DFD-3C9C-4CE6-97D6-68530C7CC9D0}.Release|x86.ActiveCfg = Release|Any CPU
		{A9515DFD-3C9C-4CE6-97D6-68530C7CC9D0}.Release|x86.Build.0 = Release|Any CPU
		{518FE2B6-C40D-455D-B66E-769EC9CEBD5B}.Debug|Any CPU.ActiveCfg = Debug|Any CPU
		{518FE2B6-C40D-455D-B66E-769EC9CEBD5B}.Debug|Any CPU.Build.0 = Debug|Any CPU
		{518FE2B6-C40D-455D-B66E-769EC9CEBD5B}.Debug|x64.ActiveCfg = Debug|Any CPU
		{518FE2B6-C40D-455D-B66E-769EC9CEBD5B}.Debug|x64.Build.0 = Debug|Any CPU
		{518FE2B6-C40D-455D-B66E-769EC9CEBD5B}.Debug|x86.ActiveCfg = Debug|Any CPU
		{518FE2B6-C40D-455D-B66E-769EC9CEBD5B}.Debug|x86.Build.0 = Debug|Any CPU
		{518FE2B6-C40D-455D-B66E-769EC9CEBD5B}.Release|Any CPU.ActiveCfg = Release|Any CPU
		{518FE2B6-C40D-455D-B66E-769EC9CEBD5B}.Release|Any CPU.Build.0 = Release|Any CPU
		{518FE2B6-C40D-455D-B66E-769EC9CEBD5B}.Release|x64.ActiveCfg = Release|Any CPU
		{518FE2B6-C40D-455D-B66E-769EC9CEBD5B}.Release|x64.Build.0 = Release|Any CPU
		{518FE2B6-C40D-455D-B66E-769EC9CEBD5B}.Release|x86.ActiveCfg = Release|Any CPU
		{518FE2B6-C40D-455D-B66E-769EC9CEBD5B}.Release|x86.Build.0 = Release|Any CPU
		{C5F06595-C45F-4C15-9A8A-DB72656B50A7}.Debug|Any CPU.ActiveCfg = Debug|Any CPU
		{C5F06595-C45F-4C15-9A8A-DB72656B50A7}.Debug|Any CPU.Build.0 = Debug|Any CPU
		{C5F06595-C45F-4C15-9A8A-DB72656B50A7}.Debug|x64.ActiveCfg = Debug|Any CPU
		{C5F06595-C45F-4C15-9A8A-DB72656B50A7}.Debug|x64.Build.0 = Debug|Any CPU
		{C5F06595-C45F-4C15-9A8A-DB72656B50A7}.Debug|x86.ActiveCfg = Debug|Any CPU
		{C5F06595-C45F-4C15-9A8A-DB72656B50A7}.Debug|x86.Build.0 = Debug|Any CPU
		{C5F06595-C45F-4C15-9A8A-DB72656B50A7}.Release|Any CPU.ActiveCfg = Release|Any CPU
		{C5F06595-C45F-4C15-9A8A-DB72656B50A7}.Release|Any CPU.Build.0 = Release|Any CPU
		{C5F06595-C45F-4C15-9A8A-DB72656B50A7}.Release|x64.ActiveCfg = Release|Any CPU
		{C5F06595-C45F-4C15-9A8A-DB72656B50A7}.Release|x64.Build.0 = Release|Any CPU
		{C5F06595-C45F-4C15-9A8A-DB72656B50A7}.Release|x86.ActiveCfg = Release|Any CPU
		{C5F06595-C45F-4C15-9A8A-DB72656B50A7}.Release|x86.Build.0 = Release|Any CPU
	EndGlobalSection
	GlobalSection(SolutionProperties) = preSolution
		HideSolutionNode = FALSE
	EndGlobalSection
	GlobalSection(NestedProjects) = preSolution
		{45695D6D-064F-4F9C-9209-15349D11CC9F} = {827E0CD3-B72D-47B6-A68D-7590B98EB39B}
		{A9515DFD-3C9C-4CE6-97D6-68530C7CC9D0} = {827E0CD3-B72D-47B6-A68D-7590B98EB39B}
		{518FE2B6-C40D-455D-B66E-769EC9CEBD5B} = {827E0CD3-B72D-47B6-A68D-7590B98EB39B}
		{C5F06595-C45F-4C15-9A8A-DB72656B50A7} = {827E0CD3-B72D-47B6-A68D-7590B98EB39B}
	EndGlobalSection
EndGlobal
